<?xml version="1.0" encoding="UTF-8" standalone="yes" ?>
<CodeBlocks_project_file>
	<FileVersion major="1" minor="6" />
	<Project>
		<Option title="HW1" />
		<Option pch_mode="2" />
		<Option compiler="gcc" />
		<Option virtualFolders="unitTest\;" />
		<Build>
			<Target title="Debug">
				<Option output="bin/Debug/HW1" prefix_auto="1" extension_auto="1" />
				<Option object_output="obj/Debug/" />
				<Option type="1" />
				<Option compiler="gcc" />
				<Compiler>
					<Add option="-g" />
				</Compiler>
			</Target>
			<Target title="Release">
				<Option output="bin/Release/HW1" prefix_auto="1" extension_auto="1" />
				<Option object_output="obj/Release/" />
				<Option type="1" />
				<Option compiler="gcc" />
				<Compiler>
					<Add option="-O2" />
				</Compiler>
				<Linker>
					<Add option="-s" />
				</Linker>
			</Target>
		</Build>
		<Compiler>
			<Add option="-Wall" />
			<Add option="-std=c++11" />
		</Compiler>
		<Linker>
			<Add library="../cppunitlite/libCppUnitLite.a" />
		</Linker>
		<Unit filename="AreaVisitor.cpp" />
		<Unit filename="AreaVisitor.h" />
		<Unit filename="Circle.cpp" />
		<Unit filename="Circle.h" />
		<Unit filename="CompositeMedia.cpp" />
		<Unit filename="CompositeMedia.h" />
		<Unit filename="CountingVisitor.cpp" />
		<Unit filename="CountingVisitor.h" />
		<Unit filename="DescriptionVisitor.cpp" />
		<Unit filename="DescriptionVisitor.h" />
		<Unit filename="Media.cpp" />
		<Unit filename="Media.h" />
		<Unit filename="MediaBuilder.cpp" />
		<Unit filename="MediaBuilder.h" />
		<Unit filename="MediaVisitor.h" />
		<Unit filename="PerimeterVisitor.cpp" />
		<Unit filename="PerimeterVisitor.h" />
		<Unit filename="Rectangle.cpp" />
		<Unit filename="Rectangle.h" />
		<Unit filename="Shape.h" />
		<Unit filename="ShapeMedia.cpp" />
		<Unit filename="ShapeMedia.h" />
		<Unit filename="Text.cpp" />
		<Unit filename="Text.h" />
		<Unit filename="TextMedia.cpp" />
		<Unit filename="TextMedia.h" />
		<Unit filename="Triangle.cpp" />
		<Unit filename="Triangle.h" />
		<Unit filename="main.cpp" />
		<Unit filename="shapeFunction.cpp" />
		<Unit filename="shapeFunction.h" />
		<Unit filename="unitTest/utAreaVisitor.h">
			<Option virtualFolder="unitTest/" />
		</Unit>
		<Unit filename="unitTest/utCircle.h">
			<Option virtualFolder="unitTest/" />
		</Unit>
		<Unit filename="unitTest/utCompositeShape.h">
			<Option virtualFolder="unitTest/" />
		</Unit>
		<Unit filename="unitTest/utDescriptionVisitor.h">
			<Option virtualFolder="unitTest/" />
		</Unit>
		<Unit filename="unitTest/utMain.h">
			<Option virtualFolder="unitTest/" />
		</Unit>
		<Unit filename="unitTest/utMediaBuilder.h">
			<Option virtualFolder="unitTest/" />
		</Unit>
		<Unit filename="unitTest/utPerimeterVisitor.h">
			<Option virtualFolder="unitTest/" />
		</Unit>
		<Unit filename="unitTest/utRectangle.h">
			<Option virtualFolder="unitTest/" />
		</Unit>
		<Unit filename="unitTest/utText.h">
			<Option virtualFolder="unitTest/" />
		</Unit>
		<Unit filename="unitTest/utTriangle.h">
			<Option virtualFolder="unitTest/" />
		</Unit>
		<Unit filename="unitTest/utshapeFunctoin.h">
			<Option virtualFolder="unitTest/" />
		</Unit>
		<Extensions>
			<code_completion />
			<envvars />
			<debugger />
		</Extensions>
	</Project>
</CodeBlocks_project_file>
